
Microsoft Visual Studio Solution File, Format Version 12.00
# Visual Studio Version 16
VisualStudioVersion = 16.0.30320.27
MinimumVisualStudioVersion = 10.0.40219.1
Project("{9A19103F-16F7-4668-BE54-9A1E7A4F7556}") = "API", "API\API.csproj", "{43B7F547-953D-4381-8FD2-2859E8307EFE}"
EndProject
Project("{FAE04EC0-301F-11D3-BF4B-00C04F79EFBC}") = "Aplication", "Aplication\Aplication.csproj", "{714CBBF1-7280-46E1-A17F-41DACF5C8755}"
EndProject
Project("{FAE04EC0-301F-11D3-BF4B-00C04F79EFBC}") = "Dominio", "Dominio\Dominio.csproj", "{7A400FDE-F2F2-487B-910D-5CA890973D4C}"
EndProject
Project("{FAE04EC0-301F-11D3-BF4B-00C04F79EFBC}") = "Servico", "Servico\Servico.csproj", "{D78A8C01-83DA-4866-AD4D-EDE8ABACF5F4}"
EndProject
Project("{FAE04EC0-301F-11D3-BF4B-00C04F79EFBC}") = "Dados", "Dados\Dados.csproj", "{DDF5A729-7BC1-41F8-B174-A829D503406E}"
EndProject
Global
	GlobalSection(SolutionConfigurationPlatforms) = preSolution
		Debug|Any CPU = Debug|Any CPU
		Release|Any CPU = Release|Any CPU
	EndGlobalSection
	GlobalSection(ProjectConfigurationPlatforms) = postSolution
		{43B7F547-953D-4381-8FD2-2859E8307EFE}.Debug|Any CPU.ActiveCfg = Debug|Any CPU
		{43B7F547-953D-4381-8FD2-2859E8307EFE}.Debug|Any CPU.Build.0 = Debug|Any CPU
		{43B7F547-953D-4381-8FD2-2859E8307EFE}.Release|Any CPU.ActiveCfg = Release|Any CPU
		{43B7F547-953D-4381-8FD2-2859E8307EFE}.Release|Any CPU.Build.0 = Release|Any CPU
		{714CBBF1-7280-46E1-A17F-41DACF5C8755}.Debug|Any CPU.ActiveCfg = Debug|Any CPU
		{714CBBF1-7280-46E1-A17F-41DACF5C8755}.Debug|Any CPU.Build.0 = Debug|Any CPU
		{714CBBF1-7280-46E1-A17F-41DACF5C8755}.Release|Any CPU.ActiveCfg = Release|Any CPU
		{714CBBF1-7280-46E1-A17F-41DACF5C8755}.Release|Any CPU.Build.0 = Release|Any CPU
		{7A400FDE-F2F2-487B-910D-5CA890973D4C}.Debug|Any CPU.ActiveCfg = Debug|Any CPU
		{7A400FDE-F2F2-487B-910D-5CA890973D4C}.Debug|Any CPU.Build.0 = Debug|Any CPU
		{7A400FDE-F2F2-487B-910D-5CA890973D4C}.Release|Any CPU.ActiveCfg = Release|Any CPU
		{7A400FDE-F2F2-487B-910D-5CA890973D4C}.Release|Any CPU.Build.0 = Release|Any CPU
		{D78A8C01-83DA-4866-AD4D-EDE8ABACF5F4}.Debug|Any CPU.ActiveCfg = Debug|Any CPU
		{D78A8C01-83DA-4866-AD4D-EDE8ABACF5F4}.Debug|Any CPU.Build.0 = Debug|Any CPU
		{D78A8C01-83DA-4866-AD4D-EDE8ABACF5F4}.Release|Any CPU.ActiveCfg = Release|Any CPU
		{D78A8C01-83DA-4866-AD4D-EDE8ABACF5F4}.Release|Any CPU.Build.0 = Release|Any CPU
		{DDF5A729-7BC1-41F8-B174-A829D503406E}.Debug|Any CPU.ActiveCfg = Debug|Any CPU
		{DDF5A729-7BC1-41F8-B174-A829D503406E}.Debug|Any CPU.Build.0 = Debug|Any CPU
		{DDF5A729-7BC1-41F8-B174-A829D503406E}.Release|Any CPU.ActiveCfg = Release|Any CPU
		{DDF5A729-7BC1-41F8-B174-A829D503406E}.Release|Any CPU.Build.0 = Release|Any CPU
	EndGlobalSection
	GlobalSection(SolutionProperties) = preSolution
		HideSolutionNode = FALSE
	EndGlobalSection
	GlobalSection(ExtensibilityGlobals) = postSolution
		SolutionGuid = {C48CBF87-F0F2-4263-A799-87FA53739156}
	EndGlobalSection
EndGlobal
